
Microsoft Visual Studio Solution File, Format Version 12.00
# Visual Studio Version 16
VisualStudioVersion = 16.0.30114.105
MinimumVisualStudioVersion = 10.0.40219.1
Project("{FAE04EC0-301F-11D3-BF4B-00C04F79EFBC}") = "server-api", "server-api\server-api.csproj", "{25BF21A7-7CE8-4D5F-9275-D7C3765C7FC8}"
EndProject
Project("{FAE04EC0-301F-11D3-BF4B-00C04F79EFBC}") = "server-core", "server-core\server-core.csproj", "{54613915-5118-43B9-94FC-21EDBE284731}"
EndProject
Project("{FAE04EC0-301F-11D3-BF4B-00C04F79EFBC}") = "server-domain", "server-domain\server-domain.csproj", "{EBCF6309-C801-4649-97CE-5FE2C44E89D4}"
EndProject
Project("{FAE04EC0-301F-11D3-BF4B-00C04F79EFBC}") = "server-infrastructure", "server-infrastructure\server-infrastructure.csproj", "{B0759E57-24B8-498E-A4DE-3E0C3173537E}"
EndProject
Project("{FAE04EC0-301F-11D3-BF4B-00C04F79EFBC}") = "server-tests", "server-tests\server-tests.csproj", "{3D29DCF3-386D-47B9-B923-D90F845A8C36}"
EndProject
Global
	GlobalSection(SolutionConfigurationPlatforms) = preSolution
		Debug|Any CPU = Debug|Any CPU
		Release|Any CPU = Release|Any CPU
	EndGlobalSection
	GlobalSection(SolutionProperties) = preSolution
		HideSolutionNode = FALSE
	EndGlobalSection
	GlobalSection(ProjectConfigurationPlatforms) = postSolution
		{25BF21A7-7CE8-4D5F-9275-D7C3765C7FC8}.Debug|Any CPU.ActiveCfg = Debug|Any CPU
		{25BF21A7-7CE8-4D5F-9275-D7C3765C7FC8}.Debug|Any CPU.Build.0 = Debug|Any CPU
		{25BF21A7-7CE8-4D5F-9275-D7C3765C7FC8}.Release|Any CPU.ActiveCfg = Release|Any CPU
		{25BF21A7-7CE8-4D5F-9275-D7C3765C7FC8}.Release|Any CPU.Build.0 = Release|Any CPU
		{54613915-5118-43B9-94FC-21EDBE284731}.Debug|Any CPU.ActiveCfg = Debug|Any CPU
		{54613915-5118-43B9-94FC-21EDBE284731}.Debug|Any CPU.Build.0 = Debug|Any CPU
		{54613915-5118-43B9-94FC-21EDBE284731}.Release|Any CPU.ActiveCfg = Release|Any CPU
		{54613915-5118-43B9-94FC-21EDBE284731}.Release|Any CPU.Build.0 = Release|Any CPU
		{EBCF6309-C801-4649-97CE-5FE2C44E89D4}.Debug|Any CPU.ActiveCfg = Debug|Any CPU
		{EBCF6309-C801-4649-97CE-5FE2C44E89D4}.Debug|Any CPU.Build.0 = Debug|Any CPU
		{EBCF6309-C801-4649-97CE-5FE2C44E89D4}.Release|Any CPU.ActiveCfg = Release|Any CPU
		{EBCF6309-C801-4649-97CE-5FE2C44E89D4}.Release|Any CPU.Build.0 = Release|Any CPU
		{B0759E57-24B8-498E-A4DE-3E0C3173537E}.Debug|Any CPU.ActiveCfg = Debug|Any CPU
		{B0759E57-24B8-498E-A4DE-3E0C3173537E}.Debug|Any CPU.Build.0 = Debug|Any CPU
		{B0759E57-24B8-498E-A4DE-3E0C3173537E}.Release|Any CPU.ActiveCfg = Release|Any CPU
		{B0759E57-24B8-498E-A4DE-3E0C3173537E}.Release|Any CPU.Build.0 = Release|Any CPU
		{3D29DCF3-386D-47B9-B923-D90F845A8C36}.Debug|Any CPU.ActiveCfg = Debug|Any CPU
		{3D29DCF3-386D-47B9-B923-D90F845A8C36}.Debug|Any CPU.Build.0 = Debug|Any CPU
		{3D29DCF3-386D-47B9-B923-D90F845A8C36}.Release|Any CPU.ActiveCfg = Release|Any CPU
		{3D29DCF3-386D-47B9-B923-D90F845A8C36}.Release|Any CPU.Build.0 = Release|Any CPU
	EndGlobalSection
EndGlobal
